// !$*UTF8*$!
{
	archiveVersion = 1;
	classes = {
	};
	objectVersion = 50;
	objects = {

/* Begin PBXBuildFile section */
		A418B34D268B9BBD00421798 /* CordeDataProjectApp.swift in Sources */ = {isa = PBXBuildFile; fileRef = A418B34C268B9BBD00421798 /* CordeDataProjectApp.swift */; };
		A418B34F268B9BBD00421798 /* ContentView.swift in Sources */ = {isa = PBXBuildFile; fileRef = A418B34E268B9BBD00421798 /* ContentView.swift */; };
		A418B351268B9BC500421798 /* Assets.xcassets in Resources */ = {isa = PBXBuildFile; fileRef = A418B350268B9BC500421798 /* Assets.xcassets */; };
		A418B354268B9BC500421798 /* Preview Assets.xcassets in Resources */ = {isa = PBXBuildFile; fileRef = A418B353268B9BC500421798 /* Preview Assets.xcassets */; };
		A418B356268B9BC500421798 /* Persistence.swift in Sources */ = {isa = PBXBuildFile; fileRef = A418B355268B9BC500421798 /* Persistence.swift */; };
		A418B359268B9BC500421798 /* CordeDataProject.xcdatamodeld in Sources */ = {isa = PBXBuildFile; fileRef = A418B357268B9BC500421798 /* CordeDataProject.xcdatamodeld */; };
		A4ED6942268D10E800BF0463 /* FilteredList.swift in Sources */ = {isa = PBXBuildFile; fileRef = A4ED6941268D10E800BF0463 /* FilteredList.swift */; };
		A4ED6947268D188D00BF0463 /* Country+CoreDataClass.swift in Sources */ = {isa = PBXBuildFile; fileRef = A4ED6943268D188D00BF0463 /* Country+CoreDataClass.swift */; };
		A4ED6948268D188D00BF0463 /* Country+CoreDataProperties.swift in Sources */ = {isa = PBXBuildFile; fileRef = A4ED6944268D188D00BF0463 /* Country+CoreDataProperties.swift */; };
		A4ED6949268D188D00BF0463 /* Candy+CoreDataClass.swift in Sources */ = {isa = PBXBuildFile; fileRef = A4ED6945268D188D00BF0463 /* Candy+CoreDataClass.swift */; };
		A4ED694A268D188D00BF0463 /* Candy+CoreDataProperties.swift in Sources */ = {isa = PBXBuildFile; fileRef = A4ED6946268D188D00BF0463 /* Candy+CoreDataProperties.swift */; };
		A4ED694D268E3D6F00BF0463 /* Singer+CoreDataClass.swift in Sources */ = {isa = PBXBuildFile; fileRef = A4ED694B268E3D6F00BF0463 /* Singer+CoreDataClass.swift */; };
		A4ED694E268E3D6F00BF0463 /* Singer+CoreDataProperties.swift in Sources */ = {isa = PBXBuildFile; fileRef = A4ED694C268E3D6F00BF0463 /* Singer+CoreDataProperties.swift */; };
/* End PBXBuildFile section */

/* Begin PBXFileReference section */
		A418B349268B9BBD00421798 /* CordeDataProject.app */ = {isa = PBXFileReference; explicitFileType = wrapper.application; includeInIndex = 0; path = CordeDataProject.app; sourceTree = BUILT_PRODUCTS_DIR; };
		A418B34C268B9BBD00421798 /* CordeDataProjectApp.swift */ = {isa = PBXFileReference; lastKnownFileType = sourcecode.swift; path = CordeDataProjectApp.swift; sourceTree = "<group>"; };
		A418B34E268B9BBD00421798 /* ContentView.swift */ = {isa = PBXFileReference; lastKnownFileType = sourcecode.swift; path = ContentView.swift; sourceTree = "<group>"; };
		A418B350268B9BC500421798 /* Assets.xcassets */ = {isa = PBXFileReference; lastKnownFileType = folder.assetcatalog; path = Assets.xcassets; sourceTree = "<group>"; };
		A418B353268B9BC500421798 /* Preview Assets.xcassets */ = {isa = PBXFileReference; lastKnownFileType = folder.assetcatalog; path = "Preview Assets.xcassets"; sourceTree = "<group>"; };
		A418B355268B9BC500421798 /* Persistence.swift */ = {isa = PBXFileReference; lastKnownFileType = sourcecode.swift; path = Persistence.swift; sourceTree = "<group>"; };
		A418B358268B9BC500421798 /* CordeDataProject.xcdatamodel */ = {isa = PBXFileReference; lastKnownFileType = wrapper.xcdatamodel; path = CordeDataProject.xcdatamodel; sourceTree = "<group>"; };
		A418B35A268B9BC500421798 /* Info.plist */ = {isa = PBXFileReference; lastKnownFileType = text.plist.xml; path = Info.plist; sourceTree = "<group>"; };
		A4ED6941268D10E800BF0463 /* FilteredList.swift */ = {isa = PBXFileReference; lastKnownFileType = sourcecode.swift; path = FilteredList.swift; sourceTree = "<group>"; };
		A4ED6943268D188D00BF0463 /* Country+CoreDataClass.swift */ = {isa = PBXFileReference; lastKnownFileType = sourcecode.swift; path = "Country+CoreDataClass.swift"; sourceTree = "<group>"; };
		A4ED6944268D188D00BF0463 /* Country+CoreDataProperties.swift */ = {isa = PBXFileReference; lastKnownFileType = sourcecode.swift; path = "Country+CoreDataProperties.swift"; sourceTree = "<group>"; };
		A4ED6945268D188D00BF0463 /* Candy+CoreDataClass.swift */ = {isa = PBXFileReference; lastKnownFileType = sourcecode.swift; path = "Candy+CoreDataClass.swift"; sourceTree = "<group>"; };
		A4ED6946268D188D00BF0463 /* Candy+CoreDataProperties.swift */ = {isa = PBXFileReference; lastKnownFileType = sourcecode.swift; path = "Candy+CoreDataProperties.swift"; sourceTree = "<group>"; };
		A4ED694B268E3D6F00BF0463 /* Singer+CoreDataClass.swift */ = {isa = PBXFileReference; lastKnownFileType = sourcecode.swift; path = "Singer+CoreDataClass.swift"; sourceTree = "<group>"; };
		A4ED694C268E3D6F00BF0463 /* Singer+CoreDataProperties.swift */ = {isa = PBXFileReference; lastKnownFileType = sourcecode.swift; path = "Singer+CoreDataProperties.swift"; sourceTree = "<group>"; };
/* End PBXFileReference section */

/* Begin PBXFrameworksBuildPhase section */
		A418B346268B9BBD00421798 /* Frameworks */ = {
			isa = PBXFrameworksBuildPhase;
			buildActionMask = 2147483647;
			files = (
			);
			runOnlyForDeploymentPostprocessing = 0;
		};
/* End PBXFrameworksBuildPhase section */

/* Begin PBXGroup section */
		A418B340268B9BBD00421798 = {
			isa = PBXGroup;
			children = (
				A418B34B268B9BBD00421798 /* CordeDataProject */,
				A418B34A268B9BBD00421798 /* Products */,
			);
			sourceTree = "<group>";
		};
		A418B34A268B9BBD00421798 /* Products */ = {
			isa = PBXGroup;
			children = (
				A418B349268B9BBD00421798 /* CordeDataProject.app */,
			);
			name = Products;
			sourceTree = "<group>";
		};
		A418B34B268B9BBD00421798 /* CordeDataProject */ = {
			isa = PBXGroup;
			children = (
				A418B34E268B9BBD00421798 /* ContentView.swift */,
				A4ED6941268D10E800BF0463 /* FilteredList.swift */,
				A4ED694B268E3D6F00BF0463 /* Singer+CoreDataClass.swift */,
				A4ED694C268E3D6F00BF0463 /* Singer+CoreDataProperties.swift */,
				A418B34C268B9BBD00421798 /* CordeDataProjectApp.swift */,
				A418B350268B9BC500421798 /* Assets.xcassets */,
				A418B355268B9BC500421798 /* Persistence.swift */,
				A4ED6943268D188D00BF0463 /* Country+CoreDataClass.swift */,
				A4ED6944268D188D00BF0463 /* Country+CoreDataProperties.swift */,
				A4ED6945268D188D00BF0463 /* Candy+CoreDataClass.swift */,
				A4ED6946268D188D00BF0463 /* Candy+CoreDataProperties.swift */,
				A418B35A268B9BC500421798 /* Info.plist */,
				A418B357268B9BC500421798 /* CordeDataProject.xcdatamodeld */,
				A418B352268B9BC500421798 /* Preview Content */,
			);
			path = CordeDataProject;
			sourceTree = "<group>";
		};
		A418B352268B9BC500421798 /* Preview Content */ = {
			isa = PBXGroup;
			children = (
				A418B353268B9BC500421798 /* Preview Assets.xcassets */,
			);
			path = "Preview Content";
			sourceTree = "<group>";
		};
/* End PBXGroup section */

/* Begin PBXNativeTarget section */
		A418B348268B9BBD00421798 /* CordeDataProject */ = {
			isa = PBXNativeTarget;
			buildConfigurationList = A418B35D268B9BC500421798 /* Build configuration list for PBXNativeTarget "CordeDataProject" */;
			buildPhases = (
				A418B345268B9BBD00421798 /* Sources */,
				A418B346268B9BBD00421798 /* Frameworks */,
				A418B347268B9BBD00421798 /* Resources */,
			);
			buildRules = (
			);
			dependencies = (
			);
			name = CordeDataProject;
			productName = CordeDataProject;
			productReference = A418B349268B9BBD00421798 /* CordeDataProject.app */;
			productType = "com.apple.product-type.application";
		};
/* End PBXNativeTarget section */

/* Begin PBXProject section */
		A418B341268B9BBD00421798 /* Project object */ = {
			isa = PBXProject;
			attributes = {
				LastSwiftUpdateCheck = 1250;
				LastUpgradeCheck = 1250;
				TargetAttributes = {
					A418B348268B9BBD00421798 = {
						CreatedOnToolsVersion = 12.5;
					};
				};
			};
			buildConfigurationList = A418B344268B9BBD00421798 /* Build configuration list for PBXProject "CordeDataProject" */;
			compatibilityVersion = "Xcode 9.3";
			developmentRegion = en;
			hasScannedForEncodings = 0;
			knownRegions = (
				en,
				Base,
			);
			mainGroup = A418B340268B9BBD00421798;
			productRefGroup = A418B34A268B9BBD00421798 /* Products */;
			projectDirPath = "";
			projectRoot = "";
			targets = (
				A418B348268B9BBD00421798 /* CordeDataProject */,
			);
		};
/* End PBXProject section */

/* Begin PBXResourcesBuildPhase section */
		A418B347268B9BBD00421798 /* Resources */ = {
			isa = PBXResourcesBuildPhase;
			buildActionMask = 2147483647;
			files = (
				A418B354268B9BC500421798 /* Preview Assets.xcassets in Resources */,
				A418B351268B9BC500421798 /* Assets.xcassets in Resources */,
			);
			runOnlyForDeploymentPostprocessing = 0;
		};
/* End PBXResourcesBuildPhase section */

/* Begin PBXSourcesBuildPhase section */
		A418B345268B9BBD00421798 /* Sources */ = {
			isa = PBXSourcesBuildPhase;
			buildActionMask = 2147483647;
			files = (
				A418B356268B9BC500421798 /* Persistence.swift in Sources */,
				A418B34F268B9BBD00421798 /* ContentView.swift in Sources */,
				A4ED6948268D188D00BF0463 /* Country+CoreDataProperties.swift in Sources */,
				A4ED6947268D188D00BF0463 /* Country+CoreDataClass.swift in Sources */,
				A4ED694E268E3D6F00BF0463 /* Singer+CoreDataProperties.swift in Sources */,
				A418B34D268B9BBD00421798 /* CordeDataProjectApp.swift in Sources */,
				A418B359268B9BC500421798 /* CordeDataProject.xcdatamodeld in Sources */,
				A4ED694A268D188D00BF0463 /* Candy+CoreDataProperties.swift in Sources */,
				A4ED694D268E3D6F00BF0463 /* Singer+CoreDataClass.swift in Sources */,
				A4ED6942268D10E800BF0463 /* FilteredList.swift in Sources */,
				A4ED6949268D188D00BF0463 /* Candy+CoreDataClass.swift in Sources */,
			);
			runOnlyForDeploymentPostprocessing = 0;
		};
/* End PBXSourcesBuildPhase section */

/* Begin XCBuildConfiguration section */
		A418B35B268B9BC500421798 /* Debug */ = {
			isa = XCBuildConfiguration;
			buildSettings = {
				ALWAYS_SEARCH_USER_PATHS = NO;
				CLANG_ANALYZER_NONNULL = YES;
				CLANG_ANALYZER_NUMBER_OBJECT_CONVERSION = YES_AGGRESSIVE;
				CLANG_CXX_LANGUAGE_STANDARD = "gnu++14";
				CLANG_CXX_LIBRARY = "libc++";
				CLANG_ENABLE_MODULES = YES;
				CLANG_ENABLE_OBJC_ARC = YES;
				CLANG_ENABLE_OBJC_WEAK = YES;
				CLANG_WARN_BLOCK_CAPTURE_AUTORELEASING = YES;
				CLANG_WARN_BOOL_CONVERSION = YES;
				CLANG_WARN_COMMA = YES;
				CLANG_WARN_CONSTANT_CONVERSION = YES;
				CLANG_WARN_DEPRECATED_OBJC_IMPLEMENTATIONS = YES;
				CLANG_WARN_DIRECT_OBJC_ISA_USAGE = YES_ERROR;
				CLANG_WARN_DOCUMENTATION_COMMENTS = YES;
				CLANG_WARN_EMPTY_BODY = YES;
				CLANG_WARN_ENUM_CONVERSION = YES;
				CLANG_WARN_INFINITE_RECURSION = YES;
				CLANG_WARN_INT_CONVERSION = YES;
				CLANG_WARN_NON_LITERAL_NULL_CONVERSION = YES;
				CLANG_WARN_OBJC_IMPLICIT_RETAIN_SELF = YES;
				CLANG_WARN_OBJC_LITERAL_CONVERSION = YES;
				CLANG_WARN_OBJC_ROOT_CLASS = YES_ERROR;
				CLANG_WARN_QUOTED_INCLUDE_IN_FRAMEWORK_HEADER = YES;
				CLANG_WARN_RANGE_LOOP_ANALYSIS = YES;
				CLANG_WARN_STRICT_PROTOTYPES = YES;
				CLANG_WARN_SUSPICIOUS_MOVE = YES;
				CLANG_WARN_UNGUARDED_AVAILABILITY = YES_AGGRESSIVE;
				CLANG_WARN_UNREACHABLE_CODE = YES;
				CLANG_WARN__DUPLICATE_METHOD_MATCH = YES;
				COPY_PHASE_STRIP = NO;
				DEBUG_INFORMATION_FORMAT = dwarf;
				ENABLE_STRICT_OBJC_MSGSEND = YES;
				ENABLE_TESTABILITY = YES;
				GCC_C_LANGUAGE_STANDARD = gnu11;
				GCC_DYNAMIC_NO_PIC = NO;
				GCC_NO_COMMON_BLOCKS = YES;
				GCC_OPTIMIZATION_LEVEL = 0;
				GCC_PREPROCESSOR_DEFINITIONS = (
					"DEBUG=1",
					"$(inherited)",
				);
				GCC_WARN_64_TO_32_BIT_CONVERSION = YES;
				GCC_WARN_ABOUT_RETURN_TYPE = YES_ERROR;
				GCC_WARN_UNDECLARED_SELECTOR = YES;
				GCC_WARN_UNINITIALIZED_AUTOS = YES_AGGRESSIVE;
				GCC_WARN_UNUSED_FUNCTION = YES;
				GCC_WARN_UNUSED_VARIABLE = YES;
				IPHONEOS_DEPLOYMENT_TARGET = 14.5;
				MTL_ENABLE_DEBUG_INFO = INCLUDE_SOURCE;
				MTL_FAST_MATH = YES;
				ONLY_ACTIVE_ARCH = YES;
				SDKROOT = iphoneos;
				SWIFT_ACTIVE_COMPILATION_CONDITIONS = DEBUG;
				SWIFT_OPTIMIZATION_LEVEL = "-Onone";
			};
			name = Debug;
		};
		A418B35C268B9BC500421798 /* Release */ = {
			isa = XCBuildConfiguration;
			buildSettings = {
				ALWAYS_SEARCH_USER_PATHS = NO;
				CLANG_ANALYZER_NONNULL = YES;
				CLANG_ANALYZER_NUMBER_OBJECT_CONVERSION = YES_AGGRESSIVE;
				CLANG_CXX_LANGUAGE_STANDARD = "gnu++14";
				CLANG_CXX_LIBRARY = "libc++";
				CLANG_ENABLE_MODULES = YES;
				CLANG_ENABLE_OBJC_ARC = YES;
				CLANG_ENABLE_OBJC_WEAK = YES;
				CLANG_WARN_BLOCK_CAPTURE_AUTORELEASING = YES;
				CLANG_WARN_BOOL_CONVERSION = YES;
				CLANG_WARN_COMMA = YES;
				CLANG_WARN_CONSTANT_CONVERSION = YES;
				CLANG_WARN_DEPRECATED_OBJC_IMPLEMENTATIONS = YES;
				CLANG_WARN_DIRECT_OBJC_ISA_USAGE = YES_ERROR;
				CLANG_WARN_DOCUMENTATION_COMMENTS = YES;
				CLANG_WARN_EMPTY_BODY = YES;
				CLANG_WARN_ENUM_CONVERSION = YES;
				CLANG_WARN_INFINITE_RECURSION = YES;
				CLANG_WARN_INT_CONVERSION = YES;
				CLANG_WARN_NON_LITERAL_NULL_CONVERSION = YES;
				CLANG_WARN_OBJC_IMPLICIT_RETAIN_SELF = YES;
				CLANG_WARN_OBJC_LITERAL_CONVERSION = YES;
				CLANG_WARN_OBJC_ROOT_CLASS = YES_ERROR;
				CLANG_WARN_QUOTED_INCLUDE_IN_FRAMEWORK_HEADER = YES;
				CLANG_WARN_RANGE_LOOP_ANALYSIS = YES;
				CLANG_WARN_STRICT_PROTOTYPES = YES;
				CLANG_WARN_SUSPICIOUS_MOVE = YES;
				CLANG_WARN_UNGUARDED_AVAILABILITY = YES_AGGRESSIVE;
				CLANG_WARN_UNREACHABLE_CODE = YES;
				CLANG_WARN__DUPLICATE_METHOD_MATCH = YES;
				COPY_PHASE_STRIP = NO;
				DEBUG_INFORMATION_FORMAT = "dwarf-with-dsym";
				ENABLE_NS_ASSERTIONS = NO;
				ENABLE_STRICT_OBJC_MSGSEND = YES;
				GCC_C_LANGUAGE_STANDARD = gnu11;
				GCC_NO_COMMON_BLOCKS = YES;
				GCC_WARN_64_TO_32_BIT_CONVERSION = YES;
				GCC_WARN_ABOUT_RETURN_TYPE = YES_ERROR;
				GCC_WARN_UNDECLARED_SELECTOR = YES;
				GCC_WARN_UNINITIALIZED_AUTOS = YES_AGGRESSIVE;
				GCC_WARN_UNUSED_FUNCTION = YES;
				GCC_WARN_UNUSED_VARIABLE = YES;
				IPHONEOS_DEPLOYMENT_TARGET = 14.5;
				MTL_ENABLE_DEBUG_INFO = NO;
				MTL_FAST_MATH = YES;
				SDKROOT = iphoneos;
				SWIFT_COMPILATION_MODE = wholemodule;
				SWIFT_OPTIMIZATION_LEVEL = "-O";
				VALIDATE_PRODUCT = YES;
			};
			name = Release;
		};
		A418B35E268B9BC500421798 /* Debug */ = {
			isa = XCBuildConfiguration;
			buildSettings = {
				ASSETCATALOG_COMPILER_APPICON_NAME = AppIcon;
				ASSETCATALOG_COMPILER_GLOBAL_ACCENT_COLOR_NAME = AccentColor;
				CODE_SIGN_STYLE = Automatic;
				DEVELOPMENT_ASSET_PATHS = "\"CordeDataProject/Preview Content\"";
				DEVELOPMENT_TEAM = J369RA97DW;
				ENABLE_PREVIEWS = YES;
				INFOPLIST_FILE = CordeDataProject/Info.plist;
				IPHONEOS_DEPLOYMENT_TARGET = 14.0;
				LD_RUNPATH_SEARCH_PATHS = (
					"$(inherited)",
					"@executable_path/Frameworks",
				);
				PRODUCT_BUNDLE_IDENTIFIER = com.johnjeang.CordeDataProject;
				PRODUCT_NAME = "$(TARGET_NAME)";
				SWIFT_VERSION = 5.0;
				TARGETED_DEVICE_FAMILY = "1,2";
			};
			name = Debug;
		};
		A418B35F268B9BC500421798 /* Release */ = {
			isa = XCBuildConfiguration;
			buildSettings = {
				ASSETCATALOG_COMPILER_APPICON_NAME = AppIcon;
				ASSETCATALOG_COMPILER_GLOBAL_ACCENT_COLOR_NAME = AccentColor;
				CODE_SIGN_STYLE = Automatic;
				DEVELOPMENT_ASSET_PATHS = "\"CordeDataProject/Preview Content\"";
				DEVELOPMENT_TEAM = J369RA97DW;
				ENABLE_PREVIEWS = YES;
				INFOPLIST_FILE = CordeDataProject/Info.plist;
				IPHONEOS_DEPLOYMENT_TARGET = 14.0;
				LD_RUNPATH_SEARCH_PATHS = (
					"$(inherited)",
					"@executable_path/Frameworks",
				);
				PRODUCT_BUNDLE_IDENTIFIER = com.johnjeang.CordeDataProject;
				PRODUCT_NAME = "$(TARGET_NAME)";
				SWIFT_VERSION = 5.0;
				TARGETED_DEVICE_FAMILY = "1,2";
			};
			name = Release;
		};
/* End XCBuildConfiguration section */

/* Begin XCConfigurationList section */
		A418B344268B9BBD00421798 /* Build configuration list for PBXProject "CordeDataProject" */ = {
			isa = XCConfigurationList;
			buildConfigurations = (
				A418B35B268B9BC500421798 /* Debug */,
				A418B35C268B9BC500421798 /* Release */,
			);
			defaultConfigurationIsVisible = 0;
			defaultConfigurationName = Release;
		};
		A418B35D268B9BC500421798 /* Build configuration list for PBXNativeTarget "CordeDataProject" */ = {
			isa = XCConfigurationList;
			buildConfigurations = (
				A418B35E268B9BC500421798 /* Debug */,
				A418B35F268B9BC500421798 /* Release */,
			);
			defaultConfigurationIsVisible = 0;
			defaultConfigurationName = Release;
		};
/* End XCConfigurationList section */

/* Begin XCVersionGroup section */
		A418B357268B9BC500421798 /* CordeDataProject.xcdatamodeld */ = {
			isa = XCVersionGroup;
			children = (
				A418B358268B9BC500421798 /* CordeDataProject.xcdatamodel */,
			);
			currentVersion = A418B358268B9BC500421798 /* CordeDataProject.xcdatamodel */;
			path = CordeDataProject.xcdatamodeld;
			sourceTree = "<group>";
			versionGroupType = wrapper.xcdatamodel;
		};
/* End XCVersionGroup section */
	};
	rootObject = A418B341268B9BBD00421798 /* Project object */;
}
